{
  "originHash" : "c2fb6e782ad569963b327e227f05f35105fe4f5a6ed73f11658769fc70b0221e",
  "pins" : [
    {
      "identity" : "kvcolorpallet-ios",
      "kind" : "remoteSourceControl",
      "location" : "https://github.com/KvColorPallet/KvColorPallet-iOS",
      "state" : {
        "revision" : "8aa3fee609a44c739f641e00272af29efc3a7f7b",
        "version" : "0.0.1"
      }
    }
  ],
  "version" : 3
}
