<?xml version="1.0" encoding="UTF-8"?>
<Scheme
   version = "1.3">
   <BuildAction>
      <BuildActionEntries>
         <BuildActionEntry
            buildForRunning = "YES">
            <BuildableReference
               BuildableIdentifier = "primary"
               BlueprintIdentifier = "5ADA3FFF2D1F257F0060DB60"
               BuildableName = "KvColorPalette-App.app"
               BlueprintName = "KvColorPalette-App"
               ReferencedContainer = "container:KvColorPalette-iOS-App.xcodeproj">
            </BuildableReference>
         </BuildActionEntry>
      </BuildActionEntries>
   </BuildAction>
   <LaunchAction
      useCustomWorkingDirectory = "NO"
      buildConfiguration = "Debug"
      allowLocationSimulation = "YES">
      <BuildableProductRunnable>
         <BuildableReference
            BuildableIdentifier = "primary"
            BlueprintIdentifier = "5ADA3FFF2D1F257F0060DB60"
            BuildableName = "KvColorPalette-App.app"
            BlueprintName = "KvColorPalette-App"
            ReferencedContainer = "container:KvColorPalette-iOS-App.xcodeproj">
         </BuildableReference>
      </BuildableProductRunnable>
   </LaunchAction>
</Scheme>
